
Microsoft Visual Studio Solution File, Format Version 12.00
# Visual Studio Version 16
VisualStudioVersion = 25.0.1700.4
MinimumVisualStudioVersion = 10.0.40219.1
Project("{FAE04EC0-301F-11D3-BF4B-00C04F79EFBC}") = "MethodOverloadingExercise", "MethodOverloadingExercise\MethodOverloadingExercise.csproj", "{FBF857FC-D8B0-4792-95BD-745A6153C728}"
EndProject
Global
	GlobalSection(SolutionConfigurationPlatforms) = preSolution
		Debug|Any CPU = Debug|Any CPU
		Release|Any CPU = Release|Any CPU
	EndGlobalSection
	GlobalSection(ProjectConfigurationPlatforms) = postSolution
		{FBF857FC-D8B0-4792-95BD-745A6153C728}.Debug|Any CPU.ActiveCfg = Debug|Any CPU
		{FBF857FC-D8B0-4792-95BD-745A6153C728}.Debug|Any CPU.Build.0 = Debug|Any CPU
		{FBF857FC-D8B0-4792-95BD-745A6153C728}.Release|Any CPU.ActiveCfg = Release|Any CPU
		{FBF857FC-D8B0-4792-95BD-745A6153C728}.Release|Any CPU.Build.0 = Release|Any CPU
	EndGlobalSection
	GlobalSection(SolutionProperties) = preSolution
		HideSolutionNode = FALSE
	EndGlobalSection
	GlobalSection(ExtensibilityGlobals) = postSolution
		SolutionGuid = {6D6FEFE8-79A1-482C-B4D7-A42F1FED36D6}
	EndGlobalSection
EndGlobal
